
Microsoft Visual Studio Solution File, Format Version 12.00
# Visual Studio Version 17
VisualStudioVersion = 17.11.35303.130
MinimumVisualStudioVersion = 10.0.40219.1
Project("{FAE04EC0-301F-11D3-BF4B-00C04F79EFBC}") = "EA.CommonLib", "EA.CommonLib.csproj", "{8B43D2C6-2B40-4468-9683-CDC649263EA0}"
EndProject
Global
	GlobalSection(SolutionConfigurationPlatforms) = preSolution
		Debug|Any CPU = Debug|Any CPU
		Release|Any CPU = Release|Any CPU
	EndGlobalSection
	GlobalSection(ProjectConfigurationPlatforms) = postSolution
		{8B43D2C6-2B40-4468-9683-CDC649263EA0}.Debug|Any CPU.ActiveCfg = Debug|Any CPU
		{8B43D2C6-2B40-4468-9683-CDC649263EA0}.Debug|Any CPU.Build.0 = Debug|Any CPU
		{8B43D2C6-2B40-4468-9683-CDC649263EA0}.Release|Any CPU.ActiveCfg = Release|Any CPU
		{8B43D2C6-2B40-4468-9683-CDC649263EA0}.Release|Any CPU.Build.0 = Release|Any CPU
	EndGlobalSection
	GlobalSection(SolutionProperties) = preSolution
		HideSolutionNode = FALSE
	EndGlobalSection
	GlobalSection(ExtensibilityGlobals) = postSolution
		SolutionGuid = {EA0B4E8F-FD88-4B68-AF96-C2E55A485568}
	EndGlobalSection
EndGlobal
